# This file is automatically @generated by Cargo.
# It is not intended for manual editing.
version = 4

[[package]]
name = "termboy"
version = "0.1.0"
dependencies = [
 "termboy-core",
 "termboy-gb",
]

[[package]]
name = "termboy-core"
version = "0.1.0"

[[package]]
name = "termboy-gb"
version = "0.1.0"
dependencies = [
 "termboy-core",
]
